
Microsoft Visual Studio Solution File, Format Version 12.00
# Visual Studio 2013
VisualStudioVersion = 12.0.31101.0
MinimumVisualStudioVersion = 10.0.40219.1
Project("{FAE04EC0-301F-11D3-BF4B-00C04F79EFBC}") = "Idmef.TestClient", "Idmef.TestClient\Idmef.TestClient.csproj", "{13B9868F-14D3-44F1-9464-8574FA9ABB10}"
EndProject
Project("{FAE04EC0-301F-11D3-BF4B-00C04F79EFBC}") = "Idmef", "Idmef\Idmef.csproj", "{E4C34D10-6436-4F2C-8206-2DE725A7DCBC}"
EndProject
Global
	GlobalSection(SolutionConfigurationPlatforms) = preSolution
		Debug|Any CPU = Debug|Any CPU
		Release|Any CPU = Release|Any CPU
	EndGlobalSection
	GlobalSection(ProjectConfigurationPlatforms) = postSolution
		{13B9868F-14D3-44F1-9464-8574FA9ABB10}.Debug|Any CPU.ActiveCfg = Debug|Any CPU
		{13B9868F-14D3-44F1-9464-8574FA9ABB10}.Debug|Any CPU.Build.0 = Debug|Any CPU
		{13B9868F-14D3-44F1-9464-8574FA9ABB10}.Release|Any CPU.ActiveCfg = Release|Any CPU
		{13B9868F-14D3-44F1-9464-8574FA9ABB10}.Release|Any CPU.Build.0 = Release|Any CPU
		{E4C34D10-6436-4F2C-8206-2DE725A7DCBC}.Debug|Any CPU.ActiveCfg = Debug|Any CPU
		{E4C34D10-6436-4F2C-8206-2DE725A7DCBC}.Debug|Any CPU.Build.0 = Debug|Any CPU
		{E4C34D10-6436-4F2C-8206-2DE725A7DCBC}.Release|Any CPU.ActiveCfg = Release|Any CPU
		{E4C34D10-6436-4F2C-8206-2DE725A7DCBC}.Release|Any CPU.Build.0 = Release|Any CPU
	EndGlobalSection
	GlobalSection(SolutionProperties) = preSolution
		HideSolutionNode = FALSE
	EndGlobalSection
EndGlobal
